
Microsoft Visual Studio Solution File, Format Version 12.00
# Visual Studio Version 17
VisualStudioVersion = 17.9.34728.123
MinimumVisualStudioVersion = 10.0.40219.1
Project("{FAE04EC0-301F-11D3-BF4B-00C04F79EFBC}") = "AMQPNetLiteWrapper", "AMQPNetLiteWrapper\AMQPNetLiteWrapper.csproj", "{889DA085-A5C0-46EF-848F-B55E9480F59A}"
EndProject
Project("{FAE04EC0-301F-11D3-BF4B-00C04F79EFBC}") = "WebApplication1", "WebApplication1\WebApplication1.csproj", "{7F50EBF4-6314-457A-9262-BF5BCF1D9910}"
EndProject
Project("{2150E333-8FDC-42A3-9474-1A3956D46DE8}") = "Solution Items", "Solution Items", "{B6C384CC-A199-4519-8539-DD6ACC43ED62}"
	ProjectSection(SolutionItems) = preProject
		.editorconfig = .editorconfig
	EndProjectSection
EndProject
Global
	GlobalSection(SolutionConfigurationPlatforms) = preSolution
		Debug|Any CPU = Debug|Any CPU
		Release|Any CPU = Release|Any CPU
	EndGlobalSection
	GlobalSection(ProjectConfigurationPlatforms) = postSolution
		{889DA085-A5C0-46EF-848F-B55E9480F59A}.Debug|Any CPU.ActiveCfg = Debug|Any CPU
		{889DA085-A5C0-46EF-848F-B55E9480F59A}.Debug|Any CPU.Build.0 = Debug|Any CPU
		{889DA085-A5C0-46EF-848F-B55E9480F59A}.Release|Any CPU.ActiveCfg = Release|Any CPU
		{889DA085-A5C0-46EF-848F-B55E9480F59A}.Release|Any CPU.Build.0 = Release|Any CPU
		{7F50EBF4-6314-457A-9262-BF5BCF1D9910}.Debug|Any CPU.ActiveCfg = Debug|Any CPU
		{7F50EBF4-6314-457A-9262-BF5BCF1D9910}.Debug|Any CPU.Build.0 = Debug|Any CPU
		{7F50EBF4-6314-457A-9262-BF5BCF1D9910}.Release|Any CPU.ActiveCfg = Release|Any CPU
		{7F50EBF4-6314-457A-9262-BF5BCF1D9910}.Release|Any CPU.Build.0 = Release|Any CPU
	EndGlobalSection
	GlobalSection(SolutionProperties) = preSolution
		HideSolutionNode = FALSE
	EndGlobalSection
	GlobalSection(ExtensibilityGlobals) = postSolution
		SolutionGuid = {379B0B76-BCB8-4333-96CE-1FA643514619}
	EndGlobalSection
EndGlobal
